
Microsoft Visual Studio Solution File, Format Version 12.00
# Visual Studio Version 17
VisualStudioVersion = 17.14.36518.9 d17.14
MinimumVisualStudioVersion = 10.0.40219.1
Project("{FAE04EC0-301F-11D3-BF4B-00C04F79EFBC}") = "WinFormsApp1", "WinFormsApp1\WinFormsApp1.csproj", "{9E7F16CC-1CB3-46D9-AC18-9C074E1F6288}"
EndProject
Global
	GlobalSection(SolutionConfigurationPlatforms) = preSolution
		Debug|Any CPU = Debug|Any CPU
		Release|Any CPU = Release|Any CPU
	EndGlobalSection
	GlobalSection(ProjectConfigurationPlatforms) = postSolution
		{9E7F16CC-1CB3-46D9-AC18-9C074E1F6288}.Debug|Any CPU.ActiveCfg = Debug|Any CPU
		{9E7F16CC-1CB3-46D9-AC18-9C074E1F6288}.Debug|Any CPU.Build.0 = Debug|Any CPU
		{9E7F16CC-1CB3-46D9-AC18-9C074E1F6288}.Release|Any CPU.ActiveCfg = Release|Any CPU
		{9E7F16CC-1CB3-46D9-AC18-9C074E1F6288}.Release|Any CPU.Build.0 = Release|Any CPU
	EndGlobalSection
	GlobalSection(SolutionProperties) = preSolution
		HideSolutionNode = FALSE
	EndGlobalSection
	GlobalSection(ExtensibilityGlobals) = postSolution
		SolutionGuid = {3BC97240-6AAB-4A5B-AA1A-7E139B8F5DCF}
	EndGlobalSection
EndGlobal
